// !$*UTF8*$!
{
	archiveVersion = 1;
	classes = {
	};
	objectVersion = 46;
	objects = {

/* Begin PBXBuildFile section */
		1869F176177E8AF5004E7265 /* main.cpp in Sources */ = {isa = PBXBuildFile; fileRef = 1869F175177E8AF5004E7265 /* main.cpp */; settings = {COMPILER_FLAGS = "-w"; }; };
		1869F183177E8B95004E7265 /* libXmlRpc.a in Frameworks */ = {isa = PBXBuildFile; fileRef = 1869F182177E8B95004E7265 /* libXmlRpc.a */; };
/* End PBXBuildFile section */

/* Begin PBXCopyFilesBuildPhase section */
		1869F170177E8AF5004E7265 /* CopyFiles */ = {
			isa = PBXCopyFilesBuildPhase;
			buildActionMask = 2147483647;
			dstPath = /usr/share/man/man1/;
			dstSubfolderSpec = 0;
			files = (
			);
			runOnlyForDeploymentPostprocessing = 1;
		};
/* End PBXCopyFilesBuildPhase section */

/* Begin PBXFileReference section */
		1869F172177E8AF5004E7265 /* ImageSearchServer */ = {isa = PBXFileReference; explicitFileType = "compiled.mach-o.executable"; includeInIndex = 0; path = ImageSearchServer; sourceTree = BUILT_PRODUCTS_DIR; };
		1869F175177E8AF5004E7265 /* main.cpp */ = {isa = PBXFileReference; lastKnownFileType = sourcecode.cpp.cpp; path = main.cpp; sourceTree = "<group>"; };
		1869F17E177E8B2C004E7265 /* DataSetLoader.h */ = {isa = PBXFileReference; fileEncoding = 4; lastKnownFileType = sourcecode.c.h; path = DataSetLoader.h; sourceTree = "<group>"; };
		1869F17F177E8B2C004E7265 /* ImageSearchServer.h */ = {isa = PBXFileReference; fileEncoding = 4; lastKnownFileType = sourcecode.c.h; path = ImageSearchServer.h; sourceTree = "<group>"; };
		1869F180177E8B2C004E7265 /* RecordManager.h */ = {isa = PBXFileReference; fileEncoding = 4; lastKnownFileType = sourcecode.c.h; path = RecordManager.h; sourceTree = "<group>"; };
		1869F181177E8B2C004E7265 /* TimeSeries.h */ = {isa = PBXFileReference; fileEncoding = 4; lastKnownFileType = sourcecode.c.h; path = TimeSeries.h; sourceTree = "<group>"; };
		1869F182177E8B95004E7265 /* libXmlRpc.a */ = {isa = PBXFileReference; lastKnownFileType = archive.ar; name = libXmlRpc.a; path = ImageSearchServer/libXmlRpc.a; sourceTree = "<group>"; };
		1869F184177EA7DE004E7265 /* stLinearSearch.h */ = {isa = PBXFileReference; lastKnownFileType = sourcecode.c.h; path = stLinearSearch.h; sourceTree = "<group>"; };
		1869F185177EB1EC004E7265 /* SATreeAdaptee.h */ = {isa = PBXFileReference; lastKnownFileType = sourcecode.c.h; path = SATreeAdaptee.h; sourceTree = "<group>"; };
		1869F186177EB33C004E7265 /* SATreeAdapter.h */ = {isa = PBXFileReference; lastKnownFileType = sourcecode.c.h; path = SATreeAdapter.h; sourceTree = "<group>"; };
/* End PBXFileReference section */

/* Begin PBXFrameworksBuildPhase section */
		1869F16F177E8AF5004E7265 /* Frameworks */ = {
			isa = PBXFrameworksBuildPhase;
			buildActionMask = 2147483647;
			files = (
				1869F183177E8B95004E7265 /* libXmlRpc.a in Frameworks */,
			);
			runOnlyForDeploymentPostprocessing = 0;
		};
/* End PBXFrameworksBuildPhase section */

/* Begin PBXGroup section */
		1869F169177E8AF5004E7265 = {
			isa = PBXGroup;
			children = (
				1869F182177E8B95004E7265 /* libXmlRpc.a */,
				1869F174177E8AF5004E7265 /* ImageSearchServer */,
				1869F173177E8AF5004E7265 /* Products */,
			);
			sourceTree = "<group>";
		};
		1869F173177E8AF5004E7265 /* Products */ = {
			isa = PBXGroup;
			children = (
				1869F172177E8AF5004E7265 /* ImageSearchServer */,
			);
			name = Products;
			sourceTree = "<group>";
		};
		1869F174177E8AF5004E7265 /* ImageSearchServer */ = {
			isa = PBXGroup;
			children = (
				1869F186177EB33C004E7265 /* SATreeAdapter.h */,
				1869F184177EA7DE004E7265 /* stLinearSearch.h */,
				1869F17E177E8B2C004E7265 /* DataSetLoader.h */,
				1869F17F177E8B2C004E7265 /* ImageSearchServer.h */,
				1869F180177E8B2C004E7265 /* RecordManager.h */,
				1869F181177E8B2C004E7265 /* TimeSeries.h */,
				1869F175177E8AF5004E7265 /* main.cpp */,
				1869F185177EB1EC004E7265 /* SATreeAdaptee.h */,
			);
			path = ImageSearchServer;
			sourceTree = "<group>";
		};
/* End PBXGroup section */

/* Begin PBXNativeTarget section */
		1869F171177E8AF5004E7265 /* ImageSearchServer */ = {
			isa = PBXNativeTarget;
			buildConfigurationList = 1869F17B177E8AF5004E7265 /* Build configuration list for PBXNativeTarget "ImageSearchServer" */;
			buildPhases = (
				1869F16E177E8AF5004E7265 /* Sources */,
				1869F16F177E8AF5004E7265 /* Frameworks */,
				1869F170177E8AF5004E7265 /* CopyFiles */,
			);
			buildRules = (
			);
			dependencies = (
			);
			name = ImageSearchServer;
			productName = ImageSearchServer;
			productReference = 1869F172177E8AF5004E7265 /* ImageSearchServer */;
			productType = "com.apple.product-type.tool";
		};
/* End PBXNativeTarget section */

/* Begin PBXProject section */
		1869F16A177E8AF5004E7265 /* Project object */ = {
			isa = PBXProject;
			attributes = {
				LastUpgradeCheck = 0460;
				ORGANIZATIONNAME = "Jan Quequezana";
			};
			buildConfigurationList = 1869F16D177E8AF5004E7265 /* Build configuration list for PBXProject "ImageSearchServer" */;
			compatibilityVersion = "Xcode 3.2";
			developmentRegion = English;
			hasScannedForEncodings = 0;
			knownRegions = (
				en,
			);
			mainGroup = 1869F169177E8AF5004E7265;
			productRefGroup = 1869F173177E8AF5004E7265 /* Products */;
			projectDirPath = "";
			projectRoot = "";
			targets = (
				1869F171177E8AF5004E7265 /* ImageSearchServer */,
			);
		};
/* End PBXProject section */

/* Begin PBXSourcesBuildPhase section */
		1869F16E177E8AF5004E7265 /* Sources */ = {
			isa = PBXSourcesBuildPhase;
			buildActionMask = 2147483647;
			files = (
				1869F176177E8AF5004E7265 /* main.cpp in Sources */,
			);
			runOnlyForDeploymentPostprocessing = 0;
		};
/* End PBXSourcesBuildPhase section */

/* Begin XCBuildConfiguration section */
		1869F179177E8AF5004E7265 /* Debug */ = {
			isa = XCBuildConfiguration;
			buildSettings = {
				ALWAYS_SEARCH_USER_PATHS = NO;
				ARCHS = "$(ARCHS_STANDARD_64_BIT)";
				CLANG_CXX_LANGUAGE_STANDARD = "compiler-default";
				CLANG_CXX_LIBRARY = "compiler-default";
				CLANG_ENABLE_OBJC_ARC = YES;
				CLANG_WARN_CONSTANT_CONVERSION = YES;
				CLANG_WARN_EMPTY_BODY = YES;
				CLANG_WARN_ENUM_CONVERSION = YES;
				CLANG_WARN_INT_CONVERSION = YES;
				CLANG_WARN__DUPLICATE_METHOD_MATCH = YES;
				COPY_PHASE_STRIP = NO;
				GCC_C_LANGUAGE_STANDARD = "compiler-default";
				GCC_DYNAMIC_NO_PIC = NO;
				GCC_ENABLE_OBJC_EXCEPTIONS = YES;
				GCC_OPTIMIZATION_LEVEL = 0;
				GCC_PREPROCESSOR_DEFINITIONS = (
					"DEBUG=1",
					"$(inherited)",
				);
				GCC_SYMBOLS_PRIVATE_EXTERN = NO;
				GCC_WARN_64_TO_32_BIT_CONVERSION = YES;
				GCC_WARN_ABOUT_RETURN_TYPE = YES;
				GCC_WARN_UNINITIALIZED_AUTOS = YES;
				GCC_WARN_UNUSED_VARIABLE = YES;
				HEADER_SEARCH_PATHS = (
					"/usr/local/Cellar/boost/1.53.0/include\n/usr/local/Cellar/boost/1.53.0/include/**",
					/usr/local/include,
				);
				LIBRARY_SEARCH_PATHS = (
					/usr/local/lib,
					"/usr/local/Cellar/boost/1.53.0/lib\n/usr/local/Cellar/boost/1.53.0/lib\n/usr/local/Cellar/boost/1.53.0/lib\n/usr/local/Cellar/boost/1.53.0/lib",
				);
				MACOSX_DEPLOYMENT_TARGET = 10.8;
				ONLY_ACTIVE_ARCH = YES;
				OTHER_LDFLAGS = (
					"-lboost_filesystem-mt",
					"-lboost_system-mt",
				);
				SDKROOT = macosx;
			};
			name = Debug;
		};
		1869F17A177E8AF5004E7265 /* Release */ = {
			isa = XCBuildConfiguration;
			buildSettings = {
				ALWAYS_SEARCH_USER_PATHS = NO;
				ARCHS = "$(ARCHS_STANDARD_64_BIT)";
				CLANG_CXX_LANGUAGE_STANDARD = "compiler-default";
				CLANG_CXX_LIBRARY = "compiler-default";
				CLANG_ENABLE_OBJC_ARC = YES;
				CLANG_WARN_CONSTANT_CONVERSION = YES;
				CLANG_WARN_EMPTY_BODY = YES;
				CLANG_WARN_ENUM_CONVERSION = YES;
				CLANG_WARN_INT_CONVERSION = YES;
				CLANG_WARN__DUPLICATE_METHOD_MATCH = YES;
				COPY_PHASE_STRIP = YES;
				DEBUG_INFORMATION_FORMAT = "dwarf-with-dsym";
				GCC_C_LANGUAGE_STANDARD = "compiler-default";
				GCC_ENABLE_OBJC_EXCEPTIONS = YES;
				GCC_WARN_64_TO_32_BIT_CONVERSION = YES;
				GCC_WARN_ABOUT_RETURN_TYPE = YES;
				GCC_WARN_UNINITIALIZED_AUTOS = YES;
				GCC_WARN_UNUSED_VARIABLE = YES;
				HEADER_SEARCH_PATHS = (
					"/usr/local/Cellar/boost/1.53.0/include\n/usr/local/Cellar/boost/1.53.0/include/**",
					/usr/local/include,
				);
				LIBRARY_SEARCH_PATHS = (
					/usr/local/lib,
					"/usr/local/Cellar/boost/1.53.0/lib\n/usr/local/Cellar/boost/1.53.0/lib\n/usr/local/Cellar/boost/1.53.0/lib\n/usr/local/Cellar/boost/1.53.0/lib",
				);
				MACOSX_DEPLOYMENT_TARGET = 10.8;
				OTHER_LDFLAGS = (
					"-lboost_filesystem-mt",
					"-lboost_system-mt",
				);
				SDKROOT = macosx;
			};
			name = Release;
		};
		1869F17C177E8AF5004E7265 /* Debug */ = {
			isa = XCBuildConfiguration;
			buildSettings = {
				LIBRARY_SEARCH_PATHS = (
					"$(inherited)",
					"\"$(SRCROOT)/ImageSearchServer\"",
				);
				PRODUCT_NAME = "$(TARGET_NAME)";
			};
			name = Debug;
		};
		1869F17D177E8AF5004E7265 /* Release */ = {
			isa = XCBuildConfiguration;
			buildSettings = {
				LIBRARY_SEARCH_PATHS = (
					"$(inherited)",
					"\"$(SRCROOT)/ImageSearchServer\"",
				);
				PRODUCT_NAME = "$(TARGET_NAME)";
			};
			name = Release;
		};
/* End XCBuildConfiguration section */

/* Begin XCConfigurationList section */
		1869F16D177E8AF5004E7265 /* Build configuration list for PBXProject "ImageSearchServer" */ = {
			isa = XCConfigurationList;
			buildConfigurations = (
				1869F179177E8AF5004E7265 /* Debug */,
				1869F17A177E8AF5004E7265 /* Release */,
			);
			defaultConfigurationIsVisible = 0;
			defaultConfigurationName = Release;
		};
		1869F17B177E8AF5004E7265 /* Build configuration list for PBXNativeTarget "ImageSearchServer" */ = {
			isa = XCConfigurationList;
			buildConfigurations = (
				1869F17C177E8AF5004E7265 /* Debug */,
				1869F17D177E8AF5004E7265 /* Release */,
			);
			defaultConfigurationIsVisible = 0;
			defaultConfigurationName = Release;
		};
/* End XCConfigurationList section */
	};
	rootObject = 1869F16A177E8AF5004E7265 /* Project object */;
}
